
Microsoft Visual Studio Solution File, Format Version 12.00
# Visual Studio Version 16
VisualStudioVersion = 16.0.31321.278
MinimumVisualStudioVersion = 10.0.40219.1
Project("{FAE04EC0-301F-11D3-BF4B-00C04F79EFBC}") = "TrayToolbar", "TrayToolbar.csproj", "{EFFB9D73-C6AF-4C25-A12D-6D1507CB9204}"
EndProject
Global
	GlobalSection(SolutionConfigurationPlatforms) = preSolution
		Debug|Any CPU = Debug|Any CPU
		Release|Any CPU = Release|Any CPU
	EndGlobalSection
	GlobalSection(ProjectConfigurationPlatforms) = postSolution
		{EFFB9D73-C6AF-4C25-A12D-6D1507CB9204}.Debug|Any CPU.ActiveCfg = Debug|Any CPU
		{EFFB9D73-C6AF-4C25-A12D-6D1507CB9204}.Debug|Any CPU.Build.0 = Debug|Any CPU
		{EFFB9D73-C6AF-4C25-A12D-6D1507CB9204}.Release|Any CPU.ActiveCfg = Release|Any CPU
		{EFFB9D73-C6AF-4C25-A12D-6D1507CB9204}.Release|Any CPU.Build.0 = Release|Any CPU
	EndGlobalSection
	GlobalSection(SolutionProperties) = preSolution
		HideSolutionNode = FALSE
	EndGlobalSection
	GlobalSection(ExtensibilityGlobals) = postSolution
		SolutionGuid = {6097D088-EA38-4F1B-849C-9BFBBE8F9590}
	EndGlobalSection
EndGlobal
